
Microsoft Visual Studio Solution File, Format Version 12.00
# Visual Studio Version 17
VisualStudioVersion = 17.4.33403.182
MinimumVisualStudioVersion = 10.0.40219.1
Project("{FAE04EC0-301F-11D3-BF4B-00C04F79EFBC}") = "AppsDev", "AppsDev.csproj", "{9260FC43-2EAF-460F-BAC3-478503A940A6}"
EndProject
Global
	GlobalSection(SolutionConfigurationPlatforms) = preSolution
		Debug|Any CPU = Debug|Any CPU
		Release|Any CPU = Release|Any CPU
	EndGlobalSection
	GlobalSection(ProjectConfigurationPlatforms) = postSolution
		{9260FC43-2EAF-460F-BAC3-478503A940A6}.Debug|Any CPU.ActiveCfg = Debug|Any CPU
		{9260FC43-2EAF-460F-BAC3-478503A940A6}.Debug|Any CPU.Build.0 = Debug|Any CPU
		{9260FC43-2EAF-460F-BAC3-478503A940A6}.Release|Any CPU.ActiveCfg = Release|Any CPU
		{9260FC43-2EAF-460F-BAC3-478503A940A6}.Release|Any CPU.Build.0 = Release|Any CPU
	EndGlobalSection
	GlobalSection(SolutionProperties) = preSolution
		HideSolutionNode = FALSE
	EndGlobalSection
	GlobalSection(ExtensibilityGlobals) = postSolution
		SolutionGuid = {DC15D9AB-51AA-4F70-A9A2-3FD54BC28B96}
	EndGlobalSection
EndGlobal
